
Microsoft Visual Studio Solution File, Format Version 12.00
# Visual Studio Version 17
VisualStudioVersion = 17.13.35825.156 d17.13
MinimumVisualStudioVersion = 10.0.40219.1
Project("{FAE04EC0-301F-11D3-BF4B-00C04F79EFBC}") = "ReadNet.Domain", "ReadNet.Domain\ReadNet.Domain.csproj", "{E7AEC765-0D8D-41EC-8603-4F396E12F658}"
EndProject
Project("{FAE04EC0-301F-11D3-BF4B-00C04F79EFBC}") = "ReadNet.DataAccess", "ReadNet.DataAccess\ReadNet.DataAccess.csproj", "{79201917-0870-4431-9BC3-5179642F6608}"
EndProject
Project("{FAE04EC0-301F-11D3-BF4B-00C04F79EFBC}") = "ReadNet.API", "ReadNet.API\ReadNet.API.csproj", "{7A4B1131-00B5-442E-BCC1-899E1E45847D}"
EndProject
Global
	GlobalSection(SolutionConfigurationPlatforms) = preSolution
		Debug|Any CPU = Debug|Any CPU
		Release|Any CPU = Release|Any CPU
	EndGlobalSection
	GlobalSection(ProjectConfigurationPlatforms) = postSolution
		{E7AEC765-0D8D-41EC-8603-4F396E12F658}.Debug|Any CPU.ActiveCfg = Debug|Any CPU
		{E7AEC765-0D8D-41EC-8603-4F396E12F658}.Debug|Any CPU.Build.0 = Debug|Any CPU
		{E7AEC765-0D8D-41EC-8603-4F396E12F658}.Release|Any CPU.ActiveCfg = Release|Any CPU
		{E7AEC765-0D8D-41EC-8603-4F396E12F658}.Release|Any CPU.Build.0 = Release|Any CPU
		{79201917-0870-4431-9BC3-5179642F6608}.Debug|Any CPU.ActiveCfg = Debug|Any CPU
		{79201917-0870-4431-9BC3-5179642F6608}.Debug|Any CPU.Build.0 = Debug|Any CPU
		{79201917-0870-4431-9BC3-5179642F6608}.Release|Any CPU.ActiveCfg = Release|Any CPU
		{79201917-0870-4431-9BC3-5179642F6608}.Release|Any CPU.Build.0 = Release|Any CPU
		{7A4B1131-00B5-442E-BCC1-899E1E45847D}.Debug|Any CPU.ActiveCfg = Debug|Any CPU
		{7A4B1131-00B5-442E-BCC1-899E1E45847D}.Debug|Any CPU.Build.0 = Debug|Any CPU
		{7A4B1131-00B5-442E-BCC1-899E1E45847D}.Release|Any CPU.ActiveCfg = Release|Any CPU
		{7A4B1131-00B5-442E-BCC1-899E1E45847D}.Release|Any CPU.Build.0 = Release|Any CPU
	EndGlobalSection
	GlobalSection(SolutionProperties) = preSolution
		HideSolutionNode = FALSE
	EndGlobalSection
	GlobalSection(ExtensibilityGlobals) = postSolution
		SolutionGuid = {628AA8C3-CE74-4DD5-846E-49BCCE738754}
	EndGlobalSection
EndGlobal
